
Microsoft Visual Studio Solution File, Format Version 11.00
# Visual Studio 2010
Project("{FAE04EC0-301F-11D3-BF4B-00C04F79EFBC}") = "Assembly-CSharp-firstpass", "Assembly-CSharp-firstpass.csproj", "{99526C66-73E4-4B61-3B8D-184940763739}"
EndProject
Project("{FAE04EC0-301F-11D3-BF4B-00C04F79EFBC}") = "Assembly-CSharp", "Assembly-CSharp.csproj", "{8D224306-F8D1-614C-47F2-58A36B113424}"
EndProject
Project("{FAE04EC0-301F-11D3-BF4B-00C04F79EFBC}") = "Assembly-CSharp-Editor-firstpass", "Assembly-CSharp-Editor-firstpass.csproj", "{3A2FBF91-60D0-F7BD-7235-C3633B67BB7C}"
EndProject
Global
	GlobalSection(SolutionConfigurationPlatforms) = preSolution
		Debug|Any CPU = Debug|Any CPU
		Release|Any CPU = Release|Any CPU
	EndGlobalSection
	GlobalSection(ProjectConfigurationPlatforms) = postSolution
		{99526C66-73E4-4B61-3B8D-184940763739}.Debug|Any CPU.ActiveCfg = Debug|Any CPU
		{99526C66-73E4-4B61-3B8D-184940763739}.Debug|Any CPU.Build.0 = Debug|Any CPU
		{99526C66-73E4-4B61-3B8D-184940763739}.Release|Any CPU.ActiveCfg = Release|Any CPU
		{99526C66-73E4-4B61-3B8D-184940763739}.Release|Any CPU.Build.0 = Release|Any CPU
		{8D224306-F8D1-614C-47F2-58A36B113424}.Debug|Any CPU.ActiveCfg = Debug|Any CPU
		{8D224306-F8D1-614C-47F2-58A36B113424}.Debug|Any CPU.Build.0 = Debug|Any CPU
		{8D224306-F8D1-614C-47F2-58A36B113424}.Release|Any CPU.ActiveCfg = Release|Any CPU
		{8D224306-F8D1-614C-47F2-58A36B113424}.Release|Any CPU.Build.0 = Release|Any CPU
		{3A2FBF91-60D0-F7BD-7235-C3633B67BB7C}.Debug|Any CPU.ActiveCfg = Debug|Any CPU
		{3A2FBF91-60D0-F7BD-7235-C3633B67BB7C}.Debug|Any CPU.Build.0 = Debug|Any CPU
		{3A2FBF91-60D0-F7BD-7235-C3633B67BB7C}.Release|Any CPU.ActiveCfg = Release|Any CPU
		{3A2FBF91-60D0-F7BD-7235-C3633B67BB7C}.Release|Any CPU.Build.0 = Release|Any CPU
	EndGlobalSection
	GlobalSection(SolutionProperties) = preSolution
		HideSolutionNode = FALSE
	EndGlobalSection
EndGlobal
